// !$*UTF8*$!
{
	archiveVersion = 1;
	classes = {
	};
	objectVersion = 77;
	objects = {

/* Begin PBXBuildFile section */
		D31A519B2DC71C4C00600DA7 /* ContentView.swift in Sources */ = {isa = PBXBuildFile; fileRef = D31A51982DC71C4C00600DA7 /* ContentView.swift */; };
		D31A519C2DC71C4C00600DA7 /* PleaseDoTutorialApp.swift in Sources */ = {isa = PBXBuildFile; fileRef = D31A51992DC71C4C00600DA7 /* PleaseDoTutorialApp.swift */; };
		D31A519D2DC71C4C00600DA7 /* Assets.xcassets in Resources */ = {isa = PBXBuildFile; fileRef = D31A51972DC71C4C00600DA7 /* Assets.xcassets */; };
		D31A51A32DC7219100600DA7 /* HomeView.swift in Sources */ = {isa = PBXBuildFile; fileRef = D31A51A22DC7219100600DA7 /* HomeView.swift */; };
		D31A51A52DC7442F00600DA7 /* ListView.swift in Sources */ = {isa = PBXBuildFile; fileRef = D31A51A42DC7442F00600DA7 /* ListView.swift */; };
		D31A51AF2DC7921600600DA7 /* Item.swift in Sources */ = {isa = PBXBuildFile; fileRef = D31A51AE2DC7921600600DA7 /* Item.swift */; };
		D31A51B32DC7D69D00600DA7 /* LoginView.swift in Sources */ = {isa = PBXBuildFile; fileRef = D31A51B22DC7D69D00600DA7 /* LoginView.swift */; };
		D31A51B52DC7DC3D00600DA7 /* LoginTitleView.swift in Sources */ = {isa = PBXBuildFile; fileRef = D31A51B42DC7DC3D00600DA7 /* LoginTitleView.swift */; };
/* End PBXBuildFile section */

/* Begin PBXContainerItemProxy section */
		D3ABCE262DC697010090E1DD /* PBXContainerItemProxy */ = {
			isa = PBXContainerItemProxy;
			containerPortal = D3ABCE102DC696FE0090E1DD /* Project object */;
			proxyType = 1;
			remoteGlobalIDString = D3ABCE172DC696FE0090E1DD;
			remoteInfo = PleaseDoTutorial;
		};
		D3ABCE302DC697010090E1DD /* PBXContainerItemProxy */ = {
			isa = PBXContainerItemProxy;
			containerPortal = D3ABCE102DC696FE0090E1DD /* Project object */;
			proxyType = 1;
			remoteGlobalIDString = D3ABCE172DC696FE0090E1DD;
			remoteInfo = PleaseDoTutorial;
		};
/* End PBXContainerItemProxy section */

/* Begin PBXFileReference section */
		D31A51972DC71C4C00600DA7 /* Assets.xcassets */ = {isa = PBXFileReference; lastKnownFileType = folder.assetcatalog; path = Assets.xcassets; sourceTree = "<group>"; };
		D31A51982DC71C4C00600DA7 /* ContentView.swift */ = {isa = PBXFileReference; lastKnownFileType = sourcecode.swift; path = ContentView.swift; sourceTree = "<group>"; };
		D31A51992DC71C4C00600DA7 /* PleaseDoTutorialApp.swift */ = {isa = PBXFileReference; lastKnownFileType = sourcecode.swift; path = PleaseDoTutorialApp.swift; sourceTree = "<group>"; };
		D31A51A22DC7219100600DA7 /* HomeView.swift */ = {isa = PBXFileReference; lastKnownFileType = sourcecode.swift; path = HomeView.swift; sourceTree = "<group>"; };
		D31A51A42DC7442F00600DA7 /* ListView.swift */ = {isa = PBXFileReference; lastKnownFileType = sourcecode.swift; path = ListView.swift; sourceTree = "<group>"; };
		D31A51AE2DC7921600600DA7 /* Item.swift */ = {isa = PBXFileReference; lastKnownFileType = sourcecode.swift; path = Item.swift; sourceTree = "<group>"; };
		D31A51B22DC7D69D00600DA7 /* LoginView.swift */ = {isa = PBXFileReference; lastKnownFileType = sourcecode.swift; path = LoginView.swift; sourceTree = "<group>"; };
		D31A51B42DC7DC3D00600DA7 /* LoginTitleView.swift */ = {isa = PBXFileReference; lastKnownFileType = sourcecode.swift; path = LoginTitleView.swift; sourceTree = "<group>"; };
		D3ABCE182DC696FE0090E1DD /* PleaseDoTutorial.app */ = {isa = PBXFileReference; explicitFileType = wrapper.application; includeInIndex = 0; path = PleaseDoTutorial.app; sourceTree = BUILT_PRODUCTS_DIR; };
		D3ABCE252DC697010090E1DD /* PleaseDoTutorialTests.xctest */ = {isa = PBXFileReference; explicitFileType = wrapper.cfbundle; includeInIndex = 0; path = PleaseDoTutorialTests.xctest; sourceTree = BUILT_PRODUCTS_DIR; };
		D3ABCE2F2DC697010090E1DD /* PleaseDoTutorialUITests.xctest */ = {isa = PBXFileReference; explicitFileType = wrapper.cfbundle; includeInIndex = 0; path = PleaseDoTutorialUITests.xctest; sourceTree = BUILT_PRODUCTS_DIR; };
/* End PBXFileReference section */

/* Begin PBXFileSystemSynchronizedRootGroup section */
		D3ABCE282DC697010090E1DD /* PleaseDoTutorialTests */ = {
			isa = PBXFileSystemSynchronizedRootGroup;
			path = PleaseDoTutorialTests;
			sourceTree = "<group>";
		};
		D3ABCE322DC697010090E1DD /* PleaseDoTutorialUITests */ = {
			isa = PBXFileSystemSynchronizedRootGroup;
			path = PleaseDoTutorialUITests;
			sourceTree = "<group>";
		};
/* End PBXFileSystemSynchronizedRootGroup section */

/* Begin PBXFrameworksBuildPhase section */
		D3ABCE152DC696FE0090E1DD /* Frameworks */ = {
			isa = PBXFrameworksBuildPhase;
			buildActionMask = 2147483647;
			files = (
			);
			runOnlyForDeploymentPostprocessing = 0;
		};
		D3ABCE222DC697010090E1DD /* Frameworks */ = {
			isa = PBXFrameworksBuildPhase;
			buildActionMask = 2147483647;
			files = (
			);
			runOnlyForDeploymentPostprocessing = 0;
		};
		D3ABCE2C2DC697010090E1DD /* Frameworks */ = {
			isa = PBXFrameworksBuildPhase;
			buildActionMask = 2147483647;
			files = (
			);
			runOnlyForDeploymentPostprocessing = 0;
		};
/* End PBXFrameworksBuildPhase section */

/* Begin PBXGroup section */
		D31A519A2DC71C4C00600DA7 /* PleaseDoTutorial */ = {
			isa = PBXGroup;
			children = (
				D31A51972DC71C4C00600DA7 /* Assets.xcassets */,
				D31A519F2DC71C7200600DA7 /* App */,
				D31A519E2DC71C6600600DA7 /* Models */,
				D31A51A12DC71CA400600DA7 /* Views */,
				D31A51A02DC71C8100600DA7 /* ViewModels */,
			);
			path = PleaseDoTutorial;
			sourceTree = "<group>";
		};
		D31A519E2DC71C6600600DA7 /* Models */ = {
			isa = PBXGroup;
			children = (
				D31A51AE2DC7921600600DA7 /* Item.swift */,
			);
			path = Models;
			sourceTree = "<group>";
		};
		D31A519F2DC71C7200600DA7 /* App */ = {
			isa = PBXGroup;
			children = (
				D31A51992DC71C4C00600DA7 /* PleaseDoTutorialApp.swift */,
				D31A51982DC71C4C00600DA7 /* ContentView.swift */,
			);
			path = App;
			sourceTree = "<group>";
		};
		D31A51A02DC71C8100600DA7 /* ViewModels */ = {
			isa = PBXGroup;
			children = (
			);
			path = ViewModels;
			sourceTree = "<group>";
		};
		D31A51A12DC71CA400600DA7 /* Views */ = {
			isa = PBXGroup;
			children = (
				D31A51B12DC7D65600600DA7 /* Login */,
				D31A51B02DC7D64C00600DA7 /* Todo */,
			);
			path = Views;
			sourceTree = "<group>";
		};
		D31A51B02DC7D64C00600DA7 /* Todo */ = {
			isa = PBXGroup;
			children = (
				D31A51A22DC7219100600DA7 /* HomeView.swift */,
				D31A51A42DC7442F00600DA7 /* ListView.swift */,
			);
			path = Todo;
			sourceTree = "<group>";
		};
		D31A51B12DC7D65600600DA7 /* Login */ = {
			isa = PBXGroup;
			children = (
				D31A51B22DC7D69D00600DA7 /* LoginView.swift */,
				D31A51B42DC7DC3D00600DA7 /* LoginTitleView.swift */,
			);
			path = Login;
			sourceTree = "<group>";
		};
		D3ABCE0F2DC696FE0090E1DD = {
			isa = PBXGroup;
			children = (
				D31A519A2DC71C4C00600DA7 /* PleaseDoTutorial */,
				D3ABCE282DC697010090E1DD /* PleaseDoTutorialTests */,
				D3ABCE322DC697010090E1DD /* PleaseDoTutorialUITests */,
				D3ABCE192DC696FE0090E1DD /* Products */,
			);
			sourceTree = "<group>";
		};
		D3ABCE192DC696FE0090E1DD /* Products */ = {
			isa = PBXGroup;
			children = (
				D3ABCE182DC696FE0090E1DD /* PleaseDoTutorial.app */,
				D3ABCE252DC697010090E1DD /* PleaseDoTutorialTests.xctest */,
				D3ABCE2F2DC697010090E1DD /* PleaseDoTutorialUITests.xctest */,
			);
			name = Products;
			sourceTree = "<group>";
		};
/* End PBXGroup section */

/* Begin PBXNativeTarget section */
		D3ABCE172DC696FE0090E1DD /* PleaseDoTutorial */ = {
			isa = PBXNativeTarget;
			buildConfigurationList = D3ABCE392DC697010090E1DD /* Build configuration list for PBXNativeTarget "PleaseDoTutorial" */;
			buildPhases = (
				D3ABCE142DC696FE0090E1DD /* Sources */,
				D3ABCE152DC696FE0090E1DD /* Frameworks */,
				D3ABCE162DC696FE0090E1DD /* Resources */,
			);
			buildRules = (
			);
			dependencies = (
			);
			name = PleaseDoTutorial;
			packageProductDependencies = (
			);
			productName = PleaseDoTutorial;
			productReference = D3ABCE182DC696FE0090E1DD /* PleaseDoTutorial.app */;
			productType = "com.apple.product-type.application";
		};
		D3ABCE242DC697010090E1DD /* PleaseDoTutorialTests */ = {
			isa = PBXNativeTarget;
			buildConfigurationList = D3ABCE3C2DC697010090E1DD /* Build configuration list for PBXNativeTarget "PleaseDoTutorialTests" */;
			buildPhases = (
				D3ABCE212DC697010090E1DD /* Sources */,
				D3ABCE222DC697010090E1DD /* Frameworks */,
				D3ABCE232DC697010090E1DD /* Resources */,
			);
			buildRules = (
			);
			dependencies = (
				D3ABCE272DC697010090E1DD /* PBXTargetDependency */,
			);
			fileSystemSynchronizedGroups = (
				D3ABCE282DC697010090E1DD /* PleaseDoTutorialTests */,
			);
			name = PleaseDoTutorialTests;
			packageProductDependencies = (
			);
			productName = PleaseDoTutorialTests;
			productReference = D3ABCE252DC697010090E1DD /* PleaseDoTutorialTests.xctest */;
			productType = "com.apple.product-type.bundle.unit-test";
		};
		D3ABCE2E2DC697010090E1DD /* PleaseDoTutorialUITests */ = {
			isa = PBXNativeTarget;
			buildConfigurationList = D3ABCE3F2DC697010090E1DD /* Build configuration list for PBXNativeTarget "PleaseDoTutorialUITests" */;
			buildPhases = (
				D3ABCE2B2DC697010090E1DD /* Sources */,
				D3ABCE2C2DC697010090E1DD /* Frameworks */,
				D3ABCE2D2DC697010090E1DD /* Resources */,
			);
			buildRules = (
			);
			dependencies = (
				D3ABCE312DC697010090E1DD /* PBXTargetDependency */,
			);
			fileSystemSynchronizedGroups = (
				D3ABCE322DC697010090E1DD /* PleaseDoTutorialUITests */,
			);
			name = PleaseDoTutorialUITests;
			packageProductDependencies = (
			);
			productName = PleaseDoTutorialUITests;
			productReference = D3ABCE2F2DC697010090E1DD /* PleaseDoTutorialUITests.xctest */;
			productType = "com.apple.product-type.bundle.ui-testing";
		};
/* End PBXNativeTarget section */

/* Begin PBXProject section */
		D3ABCE102DC696FE0090E1DD /* Project object */ = {
			isa = PBXProject;
			attributes = {
				BuildIndependentTargetsInParallel = 1;
				LastSwiftUpdateCheck = 1630;
				LastUpgradeCheck = 1630;
				TargetAttributes = {
					D3ABCE172DC696FE0090E1DD = {
						CreatedOnToolsVersion = 16.3;
					};
					D3ABCE242DC697010090E1DD = {
						CreatedOnToolsVersion = 16.3;
						TestTargetID = D3ABCE172DC696FE0090E1DD;
					};
					D3ABCE2E2DC697010090E1DD = {
						CreatedOnToolsVersion = 16.3;
						TestTargetID = D3ABCE172DC696FE0090E1DD;
					};
				};
			};
			buildConfigurationList = D3ABCE132DC696FE0090E1DD /* Build configuration list for PBXProject "PleaseDoTutorial" */;
			developmentRegion = en;
			hasScannedForEncodings = 0;
			knownRegions = (
				en,
				Base,
			);
			mainGroup = D3ABCE0F2DC696FE0090E1DD;
			minimizedProjectReferenceProxies = 1;
			preferredProjectObjectVersion = 77;
			productRefGroup = D3ABCE192DC696FE0090E1DD /* Products */;
			projectDirPath = "";
			projectRoot = "";
			targets = (
				D3ABCE172DC696FE0090E1DD /* PleaseDoTutorial */,
				D3ABCE242DC697010090E1DD /* PleaseDoTutorialTests */,
				D3ABCE2E2DC697010090E1DD /* PleaseDoTutorialUITests */,
			);
		};
/* End PBXProject section */

/* Begin PBXResourcesBuildPhase section */
		D3ABCE162DC696FE0090E1DD /* Resources */ = {
			isa = PBXResourcesBuildPhase;
			buildActionMask = 2147483647;
			files = (
				D31A519D2DC71C4C00600DA7 /* Assets.xcassets in Resources */,
			);
			runOnlyForDeploymentPostprocessing = 0;
		};
		D3ABCE232DC697010090E1DD /* Resources */ = {
			isa = PBXResourcesBuildPhase;
			buildActionMask = 2147483647;
			files = (
			);
			runOnlyForDeploymentPostprocessing = 0;
		};
		D3ABCE2D2DC697010090E1DD /* Resources */ = {
			isa = PBXResourcesBuildPhase;
			buildActionMask = 2147483647;
			files = (
			);
			runOnlyForDeploymentPostprocessing = 0;
		};
/* End PBXResourcesBuildPhase section */

/* Begin PBXSourcesBuildPhase section */
		D3ABCE142DC696FE0090E1DD /* Sources */ = {
			isa = PBXSourcesBuildPhase;
			buildActionMask = 2147483647;
			files = (
				D31A51B32DC7D69D00600DA7 /* LoginView.swift in Sources */,
				D31A51AF2DC7921600600DA7 /* Item.swift in Sources */,
				D31A51A52DC7442F00600DA7 /* ListView.swift in Sources */,
				D31A51B52DC7DC3D00600DA7 /* LoginTitleView.swift in Sources */,
				D31A51A32DC7219100600DA7 /* HomeView.swift in Sources */,
				D31A519B2DC71C4C00600DA7 /* ContentView.swift in Sources */,
				D31A519C2DC71C4C00600DA7 /* PleaseDoTutorialApp.swift in Sources */,
			);
			runOnlyForDeploymentPostprocessing = 0;
		};
		D3ABCE212DC697010090E1DD /* Sources */ = {
			isa = PBXSourcesBuildPhase;
			buildActionMask = 2147483647;
			files = (
			);
			runOnlyForDeploymentPostprocessing = 0;
		};
		D3ABCE2B2DC697010090E1DD /* Sources */ = {
			isa = PBXSourcesBuildPhase;
			buildActionMask = 2147483647;
			files = (
			);
			runOnlyForDeploymentPostprocessing = 0;
		};
/* End PBXSourcesBuildPhase section */

/* Begin PBXTargetDependency section */
		D3ABCE272DC697010090E1DD /* PBXTargetDependency */ = {
			isa = PBXTargetDependency;
			target = D3ABCE172DC696FE0090E1DD /* PleaseDoTutorial */;
			targetProxy = D3ABCE262DC697010090E1DD /* PBXContainerItemProxy */;
		};
		D3ABCE312DC697010090E1DD /* PBXTargetDependency */ = {
			isa = PBXTargetDependency;
			target = D3ABCE172DC696FE0090E1DD /* PleaseDoTutorial */;
			targetProxy = D3ABCE302DC697010090E1DD /* PBXContainerItemProxy */;
		};
/* End PBXTargetDependency section */

/* Begin XCBuildConfiguration section */
		D3ABCE372DC697010090E1DD /* Debug */ = {
			isa = XCBuildConfiguration;
			buildSettings = {
				ALWAYS_SEARCH_USER_PATHS = NO;
				ASSETCATALOG_COMPILER_GENERATE_SWIFT_ASSET_SYMBOL_EXTENSIONS = YES;
				CLANG_ANALYZER_NONNULL = YES;
				CLANG_ANALYZER_NUMBER_OBJECT_CONVERSION = YES_AGGRESSIVE;
				CLANG_CXX_LANGUAGE_STANDARD = "gnu++20";
				CLANG_ENABLE_MODULES = YES;
				CLANG_ENABLE_OBJC_ARC = YES;
				CLANG_ENABLE_OBJC_WEAK = YES;
				CLANG_WARN_BLOCK_CAPTURE_AUTORELEASING = YES;
				CLANG_WARN_BOOL_CONVERSION = YES;
				CLANG_WARN_COMMA = YES;
				CLANG_WARN_CONSTANT_CONVERSION = YES;
				CLANG_WARN_DEPRECATED_OBJC_IMPLEMENTATIONS = YES;
				CLANG_WARN_DIRECT_OBJC_ISA_USAGE = YES_ERROR;
				CLANG_WARN_DOCUMENTATION_COMMENTS = YES;
				CLANG_WARN_EMPTY_BODY = YES;
				CLANG_WARN_ENUM_CONVERSION = YES;
				CLANG_WARN_INFINITE_RECURSION = YES;
				CLANG_WARN_INT_CONVERSION = YES;
				CLANG_WARN_NON_LITERAL_NULL_CONVERSION = YES;
				CLANG_WARN_OBJC_IMPLICIT_RETAIN_SELF = YES;
				CLANG_WARN_OBJC_LITERAL_CONVERSION = YES;
				CLANG_WARN_OBJC_ROOT_CLASS = YES_ERROR;
				CLANG_WARN_QUOTED_INCLUDE_IN_FRAMEWORK_HEADER = YES;
				CLANG_WARN_RANGE_LOOP_ANALYSIS = YES;
				CLANG_WARN_STRICT_PROTOTYPES = YES;
				CLANG_WARN_SUSPICIOUS_MOVE = YES;
				CLANG_WARN_UNGUARDED_AVAILABILITY = YES_AGGRESSIVE;
				CLANG_WARN_UNREACHABLE_CODE = YES;
				CLANG_WARN__DUPLICATE_METHOD_MATCH = YES;
				COPY_PHASE_STRIP = NO;
				DEBUG_INFORMATION_FORMAT = dwarf;
				DEVELOPMENT_TEAM = H7K6GHCLTN;
				ENABLE_STRICT_OBJC_MSGSEND = YES;
				ENABLE_TESTABILITY = YES;
				ENABLE_USER_SCRIPT_SANDBOXING = YES;
				GCC_C_LANGUAGE_STANDARD = gnu17;
				GCC_DYNAMIC_NO_PIC = NO;
				GCC_NO_COMMON_BLOCKS = YES;
				GCC_OPTIMIZATION_LEVEL = 0;
				GCC_PREPROCESSOR_DEFINITIONS = (
					"DEBUG=1",
					"$(inherited)",
				);
				GCC_WARN_64_TO_32_BIT_CONVERSION = YES;
				GCC_WARN_ABOUT_RETURN_TYPE = YES_ERROR;
				GCC_WARN_UNDECLARED_SELECTOR = YES;
				GCC_WARN_UNINITIALIZED_AUTOS = YES_AGGRESSIVE;
				GCC_WARN_UNUSED_FUNCTION = YES;
				GCC_WARN_UNUSED_VARIABLE = YES;
				IPHONEOS_DEPLOYMENT_TARGET = 18.4;
				LOCALIZATION_PREFERS_STRING_CATALOGS = YES;
				MTL_ENABLE_DEBUG_INFO = INCLUDE_SOURCE;
				MTL_FAST_MATH = YES;
				ONLY_ACTIVE_ARCH = YES;
				SDKROOT = iphoneos;
				SWIFT_ACTIVE_COMPILATION_CONDITIONS = "DEBUG $(inherited)";
				SWIFT_OPTIMIZATION_LEVEL = "-Onone";
			};
			name = Debug;
		};
		D3ABCE382DC697010090E1DD /* Release */ = {
			isa = XCBuildConfiguration;
			buildSettings = {
				ALWAYS_SEARCH_USER_PATHS = NO;
				ASSETCATALOG_COMPILER_GENERATE_SWIFT_ASSET_SYMBOL_EXTENSIONS = YES;
				CLANG_ANALYZER_NONNULL = YES;
				CLANG_ANALYZER_NUMBER_OBJECT_CONVERSION = YES_AGGRESSIVE;
				CLANG_CXX_LANGUAGE_STANDARD = "gnu++20";
				CLANG_ENABLE_MODULES = YES;
				CLANG_ENABLE_OBJC_ARC = YES;
				CLANG_ENABLE_OBJC_WEAK = YES;
				CLANG_WARN_BLOCK_CAPTURE_AUTORELEASING = YES;
				CLANG_WARN_BOOL_CONVERSION = YES;
				CLANG_WARN_COMMA = YES;
				CLANG_WARN_CONSTANT_CONVERSION = YES;
				CLANG_WARN_DEPRECATED_OBJC_IMPLEMENTATIONS = YES;
				CLANG_WARN_DIRECT_OBJC_ISA_USAGE = YES_ERROR;
				CLANG_WARN_DOCUMENTATION_COMMENTS = YES;
				CLANG_WARN_EMPTY_BODY = YES;
				CLANG_WARN_ENUM_CONVERSION = YES;
				CLANG_WARN_INFINITE_RECURSION = YES;
				CLANG_WARN_INT_CONVERSION = YES;
				CLANG_WARN_NON_LITERAL_NULL_CONVERSION = YES;
				CLANG_WARN_OBJC_IMPLICIT_RETAIN_SELF = YES;
				CLANG_WARN_OBJC_LITERAL_CONVERSION = YES;
				CLANG_WARN_OBJC_ROOT_CLASS = YES_ERROR;
				CLANG_WARN_QUOTED_INCLUDE_IN_FRAMEWORK_HEADER = YES;
				CLANG_WARN_RANGE_LOOP_ANALYSIS = YES;
				CLANG_WARN_STRICT_PROTOTYPES = YES;
				CLANG_WARN_SUSPICIOUS_MOVE = YES;
				CLANG_WARN_UNGUARDED_AVAILABILITY = YES_AGGRESSIVE;
				CLANG_WARN_UNREACHABLE_CODE = YES;
				CLANG_WARN__DUPLICATE_METHOD_MATCH = YES;
				COPY_PHASE_STRIP = NO;
				DEBUG_INFORMATION_FORMAT = "dwarf-with-dsym";
				DEVELOPMENT_TEAM = H7K6GHCLTN;
				ENABLE_NS_ASSERTIONS = NO;
				ENABLE_STRICT_OBJC_MSGSEND = YES;
				ENABLE_USER_SCRIPT_SANDBOXING = YES;
				GCC_C_LANGUAGE_STANDARD = gnu17;
				GCC_NO_COMMON_BLOCKS = YES;
				GCC_WARN_64_TO_32_BIT_CONVERSION = YES;
				GCC_WARN_ABOUT_RETURN_TYPE = YES_ERROR;
				GCC_WARN_UNDECLARED_SELECTOR = YES;
				GCC_WARN_UNINITIALIZED_AUTOS = YES_AGGRESSIVE;
				GCC_WARN_UNUSED_FUNCTION = YES;
				GCC_WARN_UNUSED_VARIABLE = YES;
				IPHONEOS_DEPLOYMENT_TARGET = 18.4;
				LOCALIZATION_PREFERS_STRING_CATALOGS = YES;
				MTL_ENABLE_DEBUG_INFO = NO;
				MTL_FAST_MATH = YES;
				SDKROOT = iphoneos;
				SWIFT_COMPILATION_MODE = wholemodule;
				VALIDATE_PRODUCT = YES;
			};
			name = Release;
		};
		D3ABCE3A2DC697010090E1DD /* Debug */ = {
			isa = XCBuildConfiguration;
			buildSettings = {
				ASSETCATALOG_COMPILER_APPICON_NAME = AppIcon;
				ASSETCATALOG_COMPILER_GLOBAL_ACCENT_COLOR_NAME = AccentColor;
				CODE_SIGN_STYLE = Automatic;
				CURRENT_PROJECT_VERSION = 1;
				DEVELOPMENT_TEAM = H7K6GHCLTN;
				ENABLE_PREVIEWS = YES;
				GENERATE_INFOPLIST_FILE = YES;
				INFOPLIST_KEY_UIApplicationSceneManifest_Generation = YES;
				INFOPLIST_KEY_UIApplicationSupportsIndirectInputEvents = YES;
				INFOPLIST_KEY_UILaunchScreen_Generation = YES;
				INFOPLIST_KEY_UISupportedInterfaceOrientations_iPad = "UIInterfaceOrientationPortrait UIInterfaceOrientationPortraitUpsideDown UIInterfaceOrientationLandscapeLeft UIInterfaceOrientationLandscapeRight";
				INFOPLIST_KEY_UISupportedInterfaceOrientations_iPhone = "UIInterfaceOrientationPortrait UIInterfaceOrientationLandscapeLeft UIInterfaceOrientationLandscapeRight";
				LD_RUNPATH_SEARCH_PATHS = (
					"$(inherited)",
					"@executable_path/Frameworks",
				);
				MARKETING_VERSION = 1.0;
				PRODUCT_BUNDLE_IDENTIFIER = asawin.net.PleaseDoTutorial;
				PRODUCT_NAME = "$(TARGET_NAME)";
				SWIFT_EMIT_LOC_STRINGS = YES;
				SWIFT_VERSION = 5.0;
				TARGETED_DEVICE_FAMILY = "1,2";
			};
			name = Debug;
		};
		D3ABCE3B2DC697010090E1DD /* Release */ = {
			isa = XCBuildConfiguration;
			buildSettings = {
				ASSETCATALOG_COMPILER_APPICON_NAME = AppIcon;
				ASSETCATALOG_COMPILER_GLOBAL_ACCENT_COLOR_NAME = AccentColor;
				CODE_SIGN_STYLE = Automatic;
				CURRENT_PROJECT_VERSION = 1;
				DEVELOPMENT_TEAM = H7K6GHCLTN;
				ENABLE_PREVIEWS = YES;
				GENERATE_INFOPLIST_FILE = YES;
				INFOPLIST_KEY_UIApplicationSceneManifest_Generation = YES;
				INFOPLIST_KEY_UIApplicationSupportsIndirectInputEvents = YES;
				INFOPLIST_KEY_UILaunchScreen_Generation = YES;
				INFOPLIST_KEY_UISupportedInterfaceOrientations_iPad = "UIInterfaceOrientationPortrait UIInterfaceOrientationPortraitUpsideDown UIInterfaceOrientationLandscapeLeft UIInterfaceOrientationLandscapeRight";
				INFOPLIST_KEY_UISupportedInterfaceOrientations_iPhone = "UIInterfaceOrientationPortrait UIInterfaceOrientationLandscapeLeft UIInterfaceOrientationLandscapeRight";
				LD_RUNPATH_SEARCH_PATHS = (
					"$(inherited)",
					"@executable_path/Frameworks",
				);
				MARKETING_VERSION = 1.0;
				PRODUCT_BUNDLE_IDENTIFIER = asawin.net.PleaseDoTutorial;
				PRODUCT_NAME = "$(TARGET_NAME)";
				SWIFT_EMIT_LOC_STRINGS = YES;
				SWIFT_VERSION = 5.0;
				TARGETED_DEVICE_FAMILY = "1,2";
			};
			name = Release;
		};
		D3ABCE3D2DC697010090E1DD /* Debug */ = {
			isa = XCBuildConfiguration;
			buildSettings = {
				BUNDLE_LOADER = "$(TEST_HOST)";
				CODE_SIGN_STYLE = Automatic;
				CURRENT_PROJECT_VERSION = 1;
				DEVELOPMENT_TEAM = H7K6GHCLTN;
				GENERATE_INFOPLIST_FILE = YES;
				IPHONEOS_DEPLOYMENT_TARGET = 18.4;
				MARKETING_VERSION = 1.0;
				PRODUCT_BUNDLE_IDENTIFIER = asawin.net.PleaseDoTutorialTests;
				PRODUCT_NAME = "$(TARGET_NAME)";
				SWIFT_EMIT_LOC_STRINGS = NO;
				SWIFT_VERSION = 5.0;
				TARGETED_DEVICE_FAMILY = "1,2";
				TEST_HOST = "$(BUILT_PRODUCTS_DIR)/PleaseDoTutorial.app/$(BUNDLE_EXECUTABLE_FOLDER_PATH)/PleaseDoTutorial";
			};
			name = Debug;
		};
		D3ABCE3E2DC697010090E1DD /* Release */ = {
			isa = XCBuildConfiguration;
			buildSettings = {
				BUNDLE_LOADER = "$(TEST_HOST)";
				CODE_SIGN_STYLE = Automatic;
				CURRENT_PROJECT_VERSION = 1;
				DEVELOPMENT_TEAM = H7K6GHCLTN;
				GENERATE_INFOPLIST_FILE = YES;
				IPHONEOS_DEPLOYMENT_TARGET = 18.4;
				MARKETING_VERSION = 1.0;
				PRODUCT_BUNDLE_IDENTIFIER = asawin.net.PleaseDoTutorialTests;
				PRODUCT_NAME = "$(TARGET_NAME)";
				SWIFT_EMIT_LOC_STRINGS = NO;
				SWIFT_VERSION = 5.0;
				TARGETED_DEVICE_FAMILY = "1,2";
				TEST_HOST = "$(BUILT_PRODUCTS_DIR)/PleaseDoTutorial.app/$(BUNDLE_EXECUTABLE_FOLDER_PATH)/PleaseDoTutorial";
			};
			name = Release;
		};
		D3ABCE402DC697010090E1DD /* Debug */ = {
			isa = XCBuildConfiguration;
			buildSettings = {
				CODE_SIGN_STYLE = Automatic;
				CURRENT_PROJECT_VERSION = 1;
				DEVELOPMENT_TEAM = H7K6GHCLTN;
				GENERATE_INFOPLIST_FILE = YES;
				MARKETING_VERSION = 1.0;
				PRODUCT_BUNDLE_IDENTIFIER = asawin.net.PleaseDoTutorialUITests;
				PRODUCT_NAME = "$(TARGET_NAME)";
				SWIFT_EMIT_LOC_STRINGS = NO;
				SWIFT_VERSION = 5.0;
				TARGETED_DEVICE_FAMILY = "1,2";
				TEST_TARGET_NAME = PleaseDoTutorial;
			};
			name = Debug;
		};
		D3ABCE412DC697010090E1DD /* Release */ = {
			isa = XCBuildConfiguration;
			buildSettings = {
				CODE_SIGN_STYLE = Automatic;
				CURRENT_PROJECT_VERSION = 1;
				DEVELOPMENT_TEAM = H7K6GHCLTN;
				GENERATE_INFOPLIST_FILE = YES;
				MARKETING_VERSION = 1.0;
				PRODUCT_BUNDLE_IDENTIFIER = asawin.net.PleaseDoTutorialUITests;
				PRODUCT_NAME = "$(TARGET_NAME)";
				SWIFT_EMIT_LOC_STRINGS = NO;
				SWIFT_VERSION = 5.0;
				TARGETED_DEVICE_FAMILY = "1,2";
				TEST_TARGET_NAME = PleaseDoTutorial;
			};
			name = Release;
		};
/* End XCBuildConfiguration section */

/* Begin XCConfigurationList section */
		D3ABCE132DC696FE0090E1DD /* Build configuration list for PBXProject "PleaseDoTutorial" */ = {
			isa = XCConfigurationList;
			buildConfigurations = (
				D3ABCE372DC697010090E1DD /* Debug */,
				D3ABCE382DC697010090E1DD /* Release */,
			);
			defaultConfigurationIsVisible = 0;
			defaultConfigurationName = Release;
		};
		D3ABCE392DC697010090E1DD /* Build configuration list for PBXNativeTarget "PleaseDoTutorial" */ = {
			isa = XCConfigurationList;
			buildConfigurations = (
				D3ABCE3A2DC697010090E1DD /* Debug */,
				D3ABCE3B2DC697010090E1DD /* Release */,
			);
			defaultConfigurationIsVisible = 0;
			defaultConfigurationName = Release;
		};
		D3ABCE3C2DC697010090E1DD /* Build configuration list for PBXNativeTarget "PleaseDoTutorialTests" */ = {
			isa = XCConfigurationList;
			buildConfigurations = (
				D3ABCE3D2DC697010090E1DD /* Debug */,
				D3ABCE3E2DC697010090E1DD /* Release */,
			);
			defaultConfigurationIsVisible = 0;
			defaultConfigurationName = Release;
		};
		D3ABCE3F2DC697010090E1DD /* Build configuration list for PBXNativeTarget "PleaseDoTutorialUITests" */ = {
			isa = XCConfigurationList;
			buildConfigurations = (
				D3ABCE402DC697010090E1DD /* Debug */,
				D3ABCE412DC697010090E1DD /* Release */,
			);
			defaultConfigurationIsVisible = 0;
			defaultConfigurationName = Release;
		};
/* End XCConfigurationList section */
	};
	rootObject = D3ABCE102DC696FE0090E1DD /* Project object */;
}
